
Microsoft Visual Studio Solution File, Format Version 12.00
# Visual Studio 2012
Project("{D954291E-2A0B-460D-934E-DC6B0785DB48}") = "SportRankerMatchOn.Shared.Mobile", "SportRankerMatchOn.Shared.Mobile\SportRankerMatchOn.Shared.Mobile.shproj", "{B2889C9F-D3F9-4DCC-AA61-D1548DA57BEE}"
EndProject
Project("{FAE04EC0-301F-11D3-BF4B-00C04F79EFBC}") = "SportRankerMatchOn.iOS", "SportRankerMatchOn.iOS\SportRankerMatchOn.iOS.csproj", "{17993819-E7E6-43D3-9059-BC0D1C21B5C2}"
EndProject
Project("{FAE04EC0-301F-11D3-BF4B-00C04F79EFBC}") = "SportRankerMatchOn.Android", "SportRankerMatchOn.Android\SportRankerMatchOn.Android.csproj", "{33FE7662-D5B1-47DC-96E0-CA3C18CFBF8B}"
EndProject
Project("{D954291E-2A0B-460D-934E-DC6B0785DB48}") = "SportRankerMatchOn.Shared", "SportRankerMatchOn.Shared\SportRankerMatchOn.Shared.shproj", "{75F0B2B8-3CFA-4F1E-BB89-02975C004D3E}"
EndProject
Global
	GlobalSection(SolutionConfigurationPlatforms) = preSolution
		Debug|iPhoneSimulator = Debug|iPhoneSimulator
		Release|iPhoneSimulator = Release|iPhoneSimulator
		Debug|iPhone = Debug|iPhone
		Release|iPhone = Release|iPhone
		Ad-Hoc|iPhone = Ad-Hoc|iPhone
		AppStore|iPhone = AppStore|iPhone
	EndGlobalSection
	GlobalSection(ProjectConfigurationPlatforms) = postSolution
		{17993819-E7E6-43D3-9059-BC0D1C21B5C2}.Ad-Hoc|iPhone.ActiveCfg = Ad-Hoc|iPhone
		{17993819-E7E6-43D3-9059-BC0D1C21B5C2}.Ad-Hoc|iPhone.Build.0 = Ad-Hoc|iPhone
		{17993819-E7E6-43D3-9059-BC0D1C21B5C2}.AppStore|iPhone.ActiveCfg = AppStore|iPhone
		{17993819-E7E6-43D3-9059-BC0D1C21B5C2}.AppStore|iPhone.Build.0 = AppStore|iPhone
		{17993819-E7E6-43D3-9059-BC0D1C21B5C2}.Debug|iPhone.ActiveCfg = Debug|iPhone
		{17993819-E7E6-43D3-9059-BC0D1C21B5C2}.Debug|iPhone.Build.0 = Debug|iPhone
		{17993819-E7E6-43D3-9059-BC0D1C21B5C2}.Debug|iPhoneSimulator.ActiveCfg = Debug|iPhoneSimulator
		{17993819-E7E6-43D3-9059-BC0D1C21B5C2}.Debug|iPhoneSimulator.Build.0 = Debug|iPhoneSimulator
		{17993819-E7E6-43D3-9059-BC0D1C21B5C2}.Release|iPhone.ActiveCfg = Release|iPhone
		{17993819-E7E6-43D3-9059-BC0D1C21B5C2}.Release|iPhone.Build.0 = Release|iPhone
		{17993819-E7E6-43D3-9059-BC0D1C21B5C2}.Release|iPhoneSimulator.ActiveCfg = Release|iPhoneSimulator
		{17993819-E7E6-43D3-9059-BC0D1C21B5C2}.Release|iPhoneSimulator.Build.0 = Release|iPhoneSimulator
		{33FE7662-D5B1-47DC-96E0-CA3C18CFBF8B}.Ad-Hoc|iPhone.ActiveCfg = Release|Any CPU
		{33FE7662-D5B1-47DC-96E0-CA3C18CFBF8B}.Ad-Hoc|iPhone.Build.0 = Release|Any CPU
		{33FE7662-D5B1-47DC-96E0-CA3C18CFBF8B}.AppStore|iPhone.ActiveCfg = Release|Any CPU
		{33FE7662-D5B1-47DC-96E0-CA3C18CFBF8B}.AppStore|iPhone.Build.0 = Release|Any CPU
		{33FE7662-D5B1-47DC-96E0-CA3C18CFBF8B}.Debug|iPhone.ActiveCfg = Debug|Any CPU
		{33FE7662-D5B1-47DC-96E0-CA3C18CFBF8B}.Debug|iPhone.Build.0 = Debug|Any CPU
		{33FE7662-D5B1-47DC-96E0-CA3C18CFBF8B}.Debug|iPhoneSimulator.ActiveCfg = Debug|Any CPU
		{33FE7662-D5B1-47DC-96E0-CA3C18CFBF8B}.Debug|iPhoneSimulator.Build.0 = Debug|Any CPU
		{33FE7662-D5B1-47DC-96E0-CA3C18CFBF8B}.Release|iPhone.ActiveCfg = Release|Any CPU
		{33FE7662-D5B1-47DC-96E0-CA3C18CFBF8B}.Release|iPhone.Build.0 = Release|Any CPU
		{33FE7662-D5B1-47DC-96E0-CA3C18CFBF8B}.Release|iPhoneSimulator.ActiveCfg = Release|Any CPU
		{33FE7662-D5B1-47DC-96E0-CA3C18CFBF8B}.Release|iPhoneSimulator.Build.0 = Release|Any CPU
	EndGlobalSection
	GlobalSection(MonoDevelopProperties) = preSolution
		Policies = $0
		$0.DotNetNamingPolicy = $1
		$1.DirectoryNamespaceAssociation = None
		$1.ResourceNamePolicy = FileFormatDefault
	EndGlobalSection
EndGlobal
